
Microsoft Visual Studio Solution File, Format Version 12.00
# Visual Studio Version 16
VisualStudioVersion = 16.0.31205.134
MinimumVisualStudioVersion = 10.0.40219.1
Project("{9A19103F-16F7-4668-BE54-9A1E7A4F7556}") = "Rasolo.Web", "src\Rasolo.Web\Rasolo.Web.csproj", "{628E6443-3414-425E-9C02-4CF41E8B6556}"
EndProject
Project("{FAE04EC0-301F-11D3-BF4B-00C04F79EFBC}") = "Rasolo.Core", "src\Rasolo.Core\Rasolo.Core.csproj", "{95E82BAB-FCDC-43AB-930D-22A8EA753116}"
EndProject
Project("{FAE04EC0-301F-11D3-BF4B-00C04F79EFBC}") = "Rasolo.Services", "src\Rasolo.Services\Rasolo.Services.csproj", "{117E95A1-81A6-4B35-BDC7-BB85834FAFFD}"
EndProject
Global
	GlobalSection(SolutionConfigurationPlatforms) = preSolution
		Debug|Any CPU = Debug|Any CPU
		Release|Any CPU = Release|Any CPU
	EndGlobalSection
	GlobalSection(ProjectConfigurationPlatforms) = postSolution
		{628E6443-3414-425E-9C02-4CF41E8B6556}.Debug|Any CPU.ActiveCfg = Debug|Any CPU
		{628E6443-3414-425E-9C02-4CF41E8B6556}.Debug|Any CPU.Build.0 = Debug|Any CPU
		{628E6443-3414-425E-9C02-4CF41E8B6556}.Release|Any CPU.ActiveCfg = Release|Any CPU
		{628E6443-3414-425E-9C02-4CF41E8B6556}.Release|Any CPU.Build.0 = Release|Any CPU
		{95E82BAB-FCDC-43AB-930D-22A8EA753116}.Debug|Any CPU.ActiveCfg = Debug|Any CPU
		{95E82BAB-FCDC-43AB-930D-22A8EA753116}.Debug|Any CPU.Build.0 = Debug|Any CPU
		{95E82BAB-FCDC-43AB-930D-22A8EA753116}.Release|Any CPU.ActiveCfg = Release|Any CPU
		{95E82BAB-FCDC-43AB-930D-22A8EA753116}.Release|Any CPU.Build.0 = Release|Any CPU
		{117E95A1-81A6-4B35-BDC7-BB85834FAFFD}.Debug|Any CPU.ActiveCfg = Debug|Any CPU
		{117E95A1-81A6-4B35-BDC7-BB85834FAFFD}.Debug|Any CPU.Build.0 = Debug|Any CPU
		{117E95A1-81A6-4B35-BDC7-BB85834FAFFD}.Release|Any CPU.ActiveCfg = Release|Any CPU
		{117E95A1-81A6-4B35-BDC7-BB85834FAFFD}.Release|Any CPU.Build.0 = Release|Any CPU
	EndGlobalSection
	GlobalSection(SolutionProperties) = preSolution
		HideSolutionNode = FALSE
	EndGlobalSection
	GlobalSection(ExtensibilityGlobals) = postSolution
		SolutionGuid = {BE9B2D72-24DB-4175-97CA-FE8B472397D6}
	EndGlobalSection
EndGlobal
